// !$*UTF8*$!
{
	archiveVersion = 1;
	classes = {
	};
	objectVersion = 56;
	objects = {

/* Begin PBXBuildFile section */
		55998FBFCEEDDAF60CED7706 /* Pods_MyFavoritePlaces.framework in Frameworks */ = {isa = PBXBuildFile; fileRef = 700987F590E5B4A1A1B18925 /* Pods_MyFavoritePlaces.framework */; };
		C4565B0529F86D75007CF492 /* AppDelegate.swift in Sources */ = {isa = PBXBuildFile; fileRef = C4565B0429F86D75007CF492 /* AppDelegate.swift */; };
		C4565B0729F86D75007CF492 /* SceneDelegate.swift in Sources */ = {isa = PBXBuildFile; fileRef = C4565B0629F86D75007CF492 /* SceneDelegate.swift */; };
		C4565B0C29F86D75007CF492 /* Main.storyboard in Resources */ = {isa = PBXBuildFile; fileRef = C4565B0A29F86D75007CF492 /* Main.storyboard */; };
		C4565B1129F86D77007CF492 /* LaunchScreen.storyboard in Resources */ = {isa = PBXBuildFile; fileRef = C4565B0F29F86D77007CF492 /* LaunchScreen.storyboard */; };
		C4565B1B29F8719B007CF492 /* MainViewController.swift in Sources */ = {isa = PBXBuildFile; fileRef = C4565B1A29F8719B007CF492 /* MainViewController.swift */; };
		C4565B1C29F87C82007CF492 /* Assets.xcassets in Resources */ = {isa = PBXBuildFile; fileRef = C4565B0D29F86D77007CF492 /* Assets.xcassets */; };
		C4565B1E29F9A285007CF492 /* CustomTableViewCell.swift in Sources */ = {isa = PBXBuildFile; fileRef = C4565B1D29F9A285007CF492 /* CustomTableViewCell.swift */; };
		C4565B2029F9A896007CF492 /* PlaceModel.swift in Sources */ = {isa = PBXBuildFile; fileRef = C4565B1F29F9A896007CF492 /* PlaceModel.swift */; };
		C4565B2229F9C04C007CF492 /* NewPlaceViewController.swift in Sources */ = {isa = PBXBuildFile; fileRef = C4565B2129F9C04C007CF492 /* NewPlaceViewController.swift */; };
/* End PBXBuildFile section */

/* Begin PBXFileReference section */
		3F9BCAE7E46529EAA12C7925 /* Pods-MyFavoritePlaces.debug.xcconfig */ = {isa = PBXFileReference; includeInIndex = 1; lastKnownFileType = text.xcconfig; name = "Pods-MyFavoritePlaces.debug.xcconfig"; path = "Target Support Files/Pods-MyFavoritePlaces/Pods-MyFavoritePlaces.debug.xcconfig"; sourceTree = "<group>"; };
		700987F590E5B4A1A1B18925 /* Pods_MyFavoritePlaces.framework */ = {isa = PBXFileReference; explicitFileType = wrapper.framework; includeInIndex = 0; path = Pods_MyFavoritePlaces.framework; sourceTree = BUILT_PRODUCTS_DIR; };
		A62876DBDF93F5C6311FDA38 /* Pods-MyFavoritePlaces.release.xcconfig */ = {isa = PBXFileReference; includeInIndex = 1; lastKnownFileType = text.xcconfig; name = "Pods-MyFavoritePlaces.release.xcconfig"; path = "Target Support Files/Pods-MyFavoritePlaces/Pods-MyFavoritePlaces.release.xcconfig"; sourceTree = "<group>"; };
		C4565B0129F86D75007CF492 /* MyFavoritePlaces.app */ = {isa = PBXFileReference; explicitFileType = wrapper.application; includeInIndex = 0; path = MyFavoritePlaces.app; sourceTree = BUILT_PRODUCTS_DIR; };
		C4565B0429F86D75007CF492 /* AppDelegate.swift */ = {isa = PBXFileReference; lastKnownFileType = sourcecode.swift; path = AppDelegate.swift; sourceTree = "<group>"; };
		C4565B0629F86D75007CF492 /* SceneDelegate.swift */ = {isa = PBXFileReference; lastKnownFileType = sourcecode.swift; path = SceneDelegate.swift; sourceTree = "<group>"; };
		C4565B0B29F86D75007CF492 /* Base */ = {isa = PBXFileReference; lastKnownFileType = file.storyboard; name = Base; path = Base.lproj/Main.storyboard; sourceTree = "<group>"; };
		C4565B0D29F86D77007CF492 /* Assets.xcassets */ = {isa = PBXFileReference; lastKnownFileType = folder.assetcatalog; path = Assets.xcassets; sourceTree = "<group>"; };
		C4565B1029F86D77007CF492 /* Base */ = {isa = PBXFileReference; lastKnownFileType = file.storyboard; name = Base; path = Base.lproj/LaunchScreen.storyboard; sourceTree = "<group>"; };
		C4565B1229F86D77007CF492 /* Info.plist */ = {isa = PBXFileReference; lastKnownFileType = text.plist.xml; path = Info.plist; sourceTree = "<group>"; };
		C4565B1A29F8719B007CF492 /* MainViewController.swift */ = {isa = PBXFileReference; lastKnownFileType = sourcecode.swift; path = MainViewController.swift; sourceTree = "<group>"; };
		C4565B1D29F9A285007CF492 /* CustomTableViewCell.swift */ = {isa = PBXFileReference; lastKnownFileType = sourcecode.swift; path = CustomTableViewCell.swift; sourceTree = "<group>"; };
		C4565B1F29F9A896007CF492 /* PlaceModel.swift */ = {isa = PBXFileReference; lastKnownFileType = sourcecode.swift; path = PlaceModel.swift; sourceTree = "<group>"; };
		C4565B2129F9C04C007CF492 /* NewPlaceViewController.swift */ = {isa = PBXFileReference; lastKnownFileType = sourcecode.swift; path = NewPlaceViewController.swift; sourceTree = "<group>"; };
/* End PBXFileReference section */

/* Begin PBXFrameworksBuildPhase section */
		C4565AFE29F86D75007CF492 /* Frameworks */ = {
			isa = PBXFrameworksBuildPhase;
			buildActionMask = 2147483647;
			files = (
				55998FBFCEEDDAF60CED7706 /* Pods_MyFavoritePlaces.framework in Frameworks */,
			);
			runOnlyForDeploymentPostprocessing = 0;
		};
/* End PBXFrameworksBuildPhase section */

/* Begin PBXGroup section */
		04FC18BD25F3A907C449F534 /* Frameworks */ = {
			isa = PBXGroup;
			children = (
				700987F590E5B4A1A1B18925 /* Pods_MyFavoritePlaces.framework */,
			);
			name = Frameworks;
			sourceTree = "<group>";
		};
		C4565AF829F86D75007CF492 = {
			isa = PBXGroup;
			children = (
				C4565B0329F86D75007CF492 /* MyFavoritePlaces */,
				C4565B0229F86D75007CF492 /* Products */,
				F6A1300FF3CDBBAF99F2973F /* Pods */,
				04FC18BD25F3A907C449F534 /* Frameworks */,
			);
			sourceTree = "<group>";
		};
		C4565B0229F86D75007CF492 /* Products */ = {
			isa = PBXGroup;
			children = (
				C4565B0129F86D75007CF492 /* MyFavoritePlaces.app */,
			);
			name = Products;
			sourceTree = "<group>";
		};
		C4565B0329F86D75007CF492 /* MyFavoritePlaces */ = {
			isa = PBXGroup;
			children = (
				C4565B0429F86D75007CF492 /* AppDelegate.swift */,
				C4565B1A29F8719B007CF492 /* MainViewController.swift */,
				C4565B2129F9C04C007CF492 /* NewPlaceViewController.swift */,
				C4565B1F29F9A896007CF492 /* PlaceModel.swift */,
				C4565B1D29F9A285007CF492 /* CustomTableViewCell.swift */,
				C4565B0629F86D75007CF492 /* SceneDelegate.swift */,
				C4565B0A29F86D75007CF492 /* Main.storyboard */,
				C4565B0D29F86D77007CF492 /* Assets.xcassets */,
				C4565B0F29F86D77007CF492 /* LaunchScreen.storyboard */,
				C4565B1229F86D77007CF492 /* Info.plist */,
			);
			path = MyFavoritePlaces;
			sourceTree = "<group>";
		};
		F6A1300FF3CDBBAF99F2973F /* Pods */ = {
			isa = PBXGroup;
			children = (
				3F9BCAE7E46529EAA12C7925 /* Pods-MyFavoritePlaces.debug.xcconfig */,
				A62876DBDF93F5C6311FDA38 /* Pods-MyFavoritePlaces.release.xcconfig */,
			);
			name = Pods;
			path = Pods;
			sourceTree = "<group>";
		};
/* End PBXGroup section */

/* Begin PBXNativeTarget section */
		C4565B0029F86D75007CF492 /* MyFavoritePlaces */ = {
			isa = PBXNativeTarget;
			buildConfigurationList = C4565B1529F86D77007CF492 /* Build configuration list for PBXNativeTarget "MyFavoritePlaces" */;
			buildPhases = (
				FF772336902F16AC9842A342 /* [CP] Check Pods Manifest.lock */,
				C4565AFD29F86D75007CF492 /* Sources */,
				C4565AFE29F86D75007CF492 /* Frameworks */,
				C4565AFF29F86D75007CF492 /* Resources */,
				73C819863464096E45472B59 /* [CP] Embed Pods Frameworks */,
			);
			buildRules = (
			);
			dependencies = (
			);
			name = MyFavoritePlaces;
			productName = MyFavoritePlaces;
			productReference = C4565B0129F86D75007CF492 /* MyFavoritePlaces.app */;
			productType = "com.apple.product-type.application";
		};
/* End PBXNativeTarget section */

/* Begin PBXProject section */
		C4565AF929F86D75007CF492 /* Project object */ = {
			isa = PBXProject;
			attributes = {
				BuildIndependentTargetsInParallel = 1;
				LastSwiftUpdateCheck = 1430;
				LastUpgradeCheck = 1430;
				TargetAttributes = {
					C4565B0029F86D75007CF492 = {
						CreatedOnToolsVersion = 14.3;
					};
				};
			};
			buildConfigurationList = C4565AFC29F86D75007CF492 /* Build configuration list for PBXProject "MyFavoritePlaces" */;
			compatibilityVersion = "Xcode 14.0";
			developmentRegion = en;
			hasScannedForEncodings = 0;
			knownRegions = (
				en,
				Base,
			);
			mainGroup = C4565AF829F86D75007CF492;
			productRefGroup = C4565B0229F86D75007CF492 /* Products */;
			projectDirPath = "";
			projectRoot = "";
			targets = (
				C4565B0029F86D75007CF492 /* MyFavoritePlaces */,
			);
		};
/* End PBXProject section */

/* Begin PBXResourcesBuildPhase section */
		C4565AFF29F86D75007CF492 /* Resources */ = {
			isa = PBXResourcesBuildPhase;
			buildActionMask = 2147483647;
			files = (
				C4565B1129F86D77007CF492 /* LaunchScreen.storyboard in Resources */,
				C4565B1C29F87C82007CF492 /* Assets.xcassets in Resources */,
				C4565B0C29F86D75007CF492 /* Main.storyboard in Resources */,
			);
			runOnlyForDeploymentPostprocessing = 0;
		};
/* End PBXResourcesBuildPhase section */

/* Begin PBXShellScriptBuildPhase section */
		73C819863464096E45472B59 /* [CP] Embed Pods Frameworks */ = {
			isa = PBXShellScriptBuildPhase;
			buildActionMask = 2147483647;
			files = (
			);
			inputFileListPaths = (
				"${PODS_ROOT}/Target Support Files/Pods-MyFavoritePlaces/Pods-MyFavoritePlaces-frameworks-${CONFIGURATION}-input-files.xcfilelist",
			);
			name = "[CP] Embed Pods Frameworks";
			outputFileListPaths = (
				"${PODS_ROOT}/Target Support Files/Pods-MyFavoritePlaces/Pods-MyFavoritePlaces-frameworks-${CONFIGURATION}-output-files.xcfilelist",
			);
			runOnlyForDeploymentPostprocessing = 0;
			shellPath = /bin/sh;
			shellScript = "\"${PODS_ROOT}/Target Support Files/Pods-MyFavoritePlaces/Pods-MyFavoritePlaces-frameworks.sh\"\n";
			showEnvVarsInLog = 0;
		};
		FF772336902F16AC9842A342 /* [CP] Check Pods Manifest.lock */ = {
			isa = PBXShellScriptBuildPhase;
			buildActionMask = 2147483647;
			files = (
			);
			inputFileListPaths = (
			);
			inputPaths = (
				"${PODS_PODFILE_DIR_PATH}/Podfile.lock",
				"${PODS_ROOT}/Manifest.lock",
			);
			name = "[CP] Check Pods Manifest.lock";
			outputFileListPaths = (
			);
			outputPaths = (
				"$(DERIVED_FILE_DIR)/Pods-MyFavoritePlaces-checkManifestLockResult.txt",
			);
			runOnlyForDeploymentPostprocessing = 0;
			shellPath = /bin/sh;
			shellScript = "diff \"${PODS_PODFILE_DIR_PATH}/Podfile.lock\" \"${PODS_ROOT}/Manifest.lock\" > /dev/null\nif [ $? != 0 ] ; then\n    # print error to STDERR\n    echo \"error: The sandbox is not in sync with the Podfile.lock. Run 'pod install' or update your CocoaPods installation.\" >&2\n    exit 1\nfi\n# This output is used by Xcode 'outputs' to avoid re-running this script phase.\necho \"SUCCESS\" > \"${SCRIPT_OUTPUT_FILE_0}\"\n";
			showEnvVarsInLog = 0;
		};
/* End PBXShellScriptBuildPhase section */

/* Begin PBXSourcesBuildPhase section */
		C4565AFD29F86D75007CF492 /* Sources */ = {
			isa = PBXSourcesBuildPhase;
			buildActionMask = 2147483647;
			files = (
				C4565B1B29F8719B007CF492 /* MainViewController.swift in Sources */,
				C4565B2229F9C04C007CF492 /* NewPlaceViewController.swift in Sources */,
				C4565B0529F86D75007CF492 /* AppDelegate.swift in Sources */,
				C4565B2029F9A896007CF492 /* PlaceModel.swift in Sources */,
				C4565B1E29F9A285007CF492 /* CustomTableViewCell.swift in Sources */,
				C4565B0729F86D75007CF492 /* SceneDelegate.swift in Sources */,
			);
			runOnlyForDeploymentPostprocessing = 0;
		};
/* End PBXSourcesBuildPhase section */

/* Begin PBXVariantGroup section */
		C4565B0A29F86D75007CF492 /* Main.storyboard */ = {
			isa = PBXVariantGroup;
			children = (
				C4565B0B29F86D75007CF492 /* Base */,
			);
			name = Main.storyboard;
			sourceTree = "<group>";
		};
		C4565B0F29F86D77007CF492 /* LaunchScreen.storyboard */ = {
			isa = PBXVariantGroup;
			children = (
				C4565B1029F86D77007CF492 /* Base */,
			);
			name = LaunchScreen.storyboard;
			sourceTree = "<group>";
		};
/* End PBXVariantGroup section */

/* Begin XCBuildConfiguration section */
		C4565B1329F86D77007CF492 /* Debug */ = {
			isa = XCBuildConfiguration;
			buildSettings = {
				ALWAYS_SEARCH_USER_PATHS = NO;
				CLANG_ANALYZER_NONNULL = YES;
				CLANG_ANALYZER_NUMBER_OBJECT_CONVERSION = YES_AGGRESSIVE;
				CLANG_CXX_LANGUAGE_STANDARD = "gnu++20";
				CLANG_ENABLE_MODULES = YES;
				CLANG_ENABLE_OBJC_ARC = YES;
				CLANG_ENABLE_OBJC_WEAK = YES;
				CLANG_WARN_BLOCK_CAPTURE_AUTORELEASING = YES;
				CLANG_WARN_BOOL_CONVERSION = YES;
				CLANG_WARN_COMMA = YES;
				CLANG_WARN_CONSTANT_CONVERSION = YES;
				CLANG_WARN_DEPRECATED_OBJC_IMPLEMENTATIONS = YES;
				CLANG_WARN_DIRECT_OBJC_ISA_USAGE = YES_ERROR;
				CLANG_WARN_DOCUMENTATION_COMMENTS = YES;
				CLANG_WARN_EMPTY_BODY = YES;
				CLANG_WARN_ENUM_CONVERSION = YES;
				CLANG_WARN_INFINITE_RECURSION = YES;
				CLANG_WARN_INT_CONVERSION = YES;
				CLANG_WARN_NON_LITERAL_NULL_CONVERSION = YES;
				CLANG_WARN_OBJC_IMPLICIT_RETAIN_SELF = YES;
				CLANG_WARN_OBJC_LITERAL_CONVERSION = YES;
				CLANG_WARN_OBJC_ROOT_CLASS = YES_ERROR;
				CLANG_WARN_QUOTED_INCLUDE_IN_FRAMEWORK_HEADER = YES;
				CLANG_WARN_RANGE_LOOP_ANALYSIS = YES;
				CLANG_WARN_STRICT_PROTOTYPES = YES;
				CLANG_WARN_SUSPICIOUS_MOVE = YES;
				CLANG_WARN_UNGUARDED_AVAILABILITY = YES_AGGRESSIVE;
				CLANG_WARN_UNREACHABLE_CODE = YES;
				CLANG_WARN__DUPLICATE_METHOD_MATCH = YES;
				COPY_PHASE_STRIP = NO;
				DEBUG_INFORMATION_FORMAT = dwarf;
				ENABLE_STRICT_OBJC_MSGSEND = YES;
				ENABLE_TESTABILITY = YES;
				GCC_C_LANGUAGE_STANDARD = gnu11;
				GCC_DYNAMIC_NO_PIC = NO;
				GCC_NO_COMMON_BLOCKS = YES;
				GCC_OPTIMIZATION_LEVEL = 0;
				GCC_PREPROCESSOR_DEFINITIONS = (
					"DEBUG=1",
					"$(inherited)",
				);
				GCC_WARN_64_TO_32_BIT_CONVERSION = YES;
				GCC_WARN_ABOUT_RETURN_TYPE = YES_ERROR;
				GCC_WARN_UNDECLARED_SELECTOR = YES;
				GCC_WARN_UNINITIALIZED_AUTOS = YES_AGGRESSIVE;
				GCC_WARN_UNUSED_FUNCTION = YES;
				GCC_WARN_UNUSED_VARIABLE = YES;
				IPHONEOS_DEPLOYMENT_TARGET = 16.4;
				MTL_ENABLE_DEBUG_INFO = INCLUDE_SOURCE;
				MTL_FAST_MATH = YES;
				ONLY_ACTIVE_ARCH = YES;
				SDKROOT = iphoneos;
				SWIFT_ACTIVE_COMPILATION_CONDITIONS = DEBUG;
				SWIFT_OPTIMIZATION_LEVEL = "-Onone";
			};
			name = Debug;
		};
		C4565B1429F86D77007CF492 /* Release */ = {
			isa = XCBuildConfiguration;
			buildSettings = {
				ALWAYS_SEARCH_USER_PATHS = NO;
				CLANG_ANALYZER_NONNULL = YES;
				CLANG_ANALYZER_NUMBER_OBJECT_CONVERSION = YES_AGGRESSIVE;
				CLANG_CXX_LANGUAGE_STANDARD = "gnu++20";
				CLANG_ENABLE_MODULES = YES;
				CLANG_ENABLE_OBJC_ARC = YES;
				CLANG_ENABLE_OBJC_WEAK = YES;
				CLANG_WARN_BLOCK_CAPTURE_AUTORELEASING = YES;
				CLANG_WARN_BOOL_CONVERSION = YES;
				CLANG_WARN_COMMA = YES;
				CLANG_WARN_CONSTANT_CONVERSION = YES;
				CLANG_WARN_DEPRECATED_OBJC_IMPLEMENTATIONS = YES;
				CLANG_WARN_DIRECT_OBJC_ISA_USAGE = YES_ERROR;
				CLANG_WARN_DOCUMENTATION_COMMENTS = YES;
				CLANG_WARN_EMPTY_BODY = YES;
				CLANG_WARN_ENUM_CONVERSION = YES;
				CLANG_WARN_INFINITE_RECURSION = YES;
				CLANG_WARN_INT_CONVERSION = YES;
				CLANG_WARN_NON_LITERAL_NULL_CONVERSION = YES;
				CLANG_WARN_OBJC_IMPLICIT_RETAIN_SELF = YES;
				CLANG_WARN_OBJC_LITERAL_CONVERSION = YES;
				CLANG_WARN_OBJC_ROOT_CLASS = YES_ERROR;
				CLANG_WARN_QUOTED_INCLUDE_IN_FRAMEWORK_HEADER = YES;
				CLANG_WARN_RANGE_LOOP_ANALYSIS = YES;
				CLANG_WARN_STRICT_PROTOTYPES = YES;
				CLANG_WARN_SUSPICIOUS_MOVE = YES;
				CLANG_WARN_UNGUARDED_AVAILABILITY = YES_AGGRESSIVE;
				CLANG_WARN_UNREACHABLE_CODE = YES;
				CLANG_WARN__DUPLICATE_METHOD_MATCH = YES;
				COPY_PHASE_STRIP = NO;
				DEBUG_INFORMATION_FORMAT = "dwarf-with-dsym";
				ENABLE_NS_ASSERTIONS = NO;
				ENABLE_STRICT_OBJC_MSGSEND = YES;
				GCC_C_LANGUAGE_STANDARD = gnu11;
				GCC_NO_COMMON_BLOCKS = YES;
				GCC_WARN_64_TO_32_BIT_CONVERSION = YES;
				GCC_WARN_ABOUT_RETURN_TYPE = YES_ERROR;
				GCC_WARN_UNDECLARED_SELECTOR = YES;
				GCC_WARN_UNINITIALIZED_AUTOS = YES_AGGRESSIVE;
				GCC_WARN_UNUSED_FUNCTION = YES;
				GCC_WARN_UNUSED_VARIABLE = YES;
				IPHONEOS_DEPLOYMENT_TARGET = 16.4;
				MTL_ENABLE_DEBUG_INFO = NO;
				MTL_FAST_MATH = YES;
				SDKROOT = iphoneos;
				SWIFT_COMPILATION_MODE = wholemodule;
				SWIFT_OPTIMIZATION_LEVEL = "-O";
				VALIDATE_PRODUCT = YES;
			};
			name = Release;
		};
		C4565B1629F86D77007CF492 /* Debug */ = {
			isa = XCBuildConfiguration;
			baseConfigurationReference = 3F9BCAE7E46529EAA12C7925 /* Pods-MyFavoritePlaces.debug.xcconfig */;
			buildSettings = {
				ASSETCATALOG_COMPILER_APPICON_NAME = AppIcon;
				ASSETCATALOG_COMPILER_GLOBAL_ACCENT_COLOR_NAME = AccentColor;
				CODE_SIGN_STYLE = Automatic;
				CURRENT_PROJECT_VERSION = 1;
				DEVELOPMENT_TEAM = XN7SPBLRTW;
				GENERATE_INFOPLIST_FILE = YES;
				INFOPLIST_FILE = MyFavoritePlaces/Info.plist;
				INFOPLIST_KEY_UIApplicationSupportsIndirectInputEvents = YES;
				INFOPLIST_KEY_UILaunchStoryboardName = LaunchScreen;
				INFOPLIST_KEY_UIMainStoryboardFile = Main;
				INFOPLIST_KEY_UISupportedInterfaceOrientations_iPad = "UIInterfaceOrientationPortrait UIInterfaceOrientationPortraitUpsideDown UIInterfaceOrientationLandscapeLeft UIInterfaceOrientationLandscapeRight";
				INFOPLIST_KEY_UISupportedInterfaceOrientations_iPhone = "UIInterfaceOrientationPortrait UIInterfaceOrientationLandscapeLeft UIInterfaceOrientationLandscapeRight";
				LD_RUNPATH_SEARCH_PATHS = (
					"$(inherited)",
					"@executable_path/Frameworks",
				);
				MARKETING_VERSION = 1.0;
				PRODUCT_BUNDLE_IDENTIFIER = "Katsiaryna-Kulik.MyFavoritePlaces";
				PRODUCT_NAME = "$(TARGET_NAME)";
				SWIFT_EMIT_LOC_STRINGS = YES;
				SWIFT_VERSION = 5.0;
				TARGETED_DEVICE_FAMILY = "1,2";
			};
			name = Debug;
		};
		C4565B1729F86D77007CF492 /* Release */ = {
			isa = XCBuildConfiguration;
			baseConfigurationReference = A62876DBDF93F5C6311FDA38 /* Pods-MyFavoritePlaces.release.xcconfig */;
			buildSettings = {
				ASSETCATALOG_COMPILER_APPICON_NAME = AppIcon;
				ASSETCATALOG_COMPILER_GLOBAL_ACCENT_COLOR_NAME = AccentColor;
				CODE_SIGN_STYLE = Automatic;
				CURRENT_PROJECT_VERSION = 1;
				DEVELOPMENT_TEAM = XN7SPBLRTW;
				GENERATE_INFOPLIST_FILE = YES;
				INFOPLIST_FILE = MyFavoritePlaces/Info.plist;
				INFOPLIST_KEY_UIApplicationSupportsIndirectInputEvents = YES;
				INFOPLIST_KEY_UILaunchStoryboardName = LaunchScreen;
				INFOPLIST_KEY_UIMainStoryboardFile = Main;
				INFOPLIST_KEY_UISupportedInterfaceOrientations_iPad = "UIInterfaceOrientationPortrait UIInterfaceOrientationPortraitUpsideDown UIInterfaceOrientationLandscapeLeft UIInterfaceOrientationLandscapeRight";
				INFOPLIST_KEY_UISupportedInterfaceOrientations_iPhone = "UIInterfaceOrientationPortrait UIInterfaceOrientationLandscapeLeft UIInterfaceOrientationLandscapeRight";
				LD_RUNPATH_SEARCH_PATHS = (
					"$(inherited)",
					"@executable_path/Frameworks",
				);
				MARKETING_VERSION = 1.0;
				PRODUCT_BUNDLE_IDENTIFIER = "Katsiaryna-Kulik.MyFavoritePlaces";
				PRODUCT_NAME = "$(TARGET_NAME)";
				SWIFT_EMIT_LOC_STRINGS = YES;
				SWIFT_VERSION = 5.0;
				TARGETED_DEVICE_FAMILY = "1,2";
			};
			name = Release;
		};
/* End XCBuildConfiguration section */

/* Begin XCConfigurationList section */
		C4565AFC29F86D75007CF492 /* Build configuration list for PBXProject "MyFavoritePlaces" */ = {
			isa = XCConfigurationList;
			buildConfigurations = (
				C4565B1329F86D77007CF492 /* Debug */,
				C4565B1429F86D77007CF492 /* Release */,
			);
			defaultConfigurationIsVisible = 0;
			defaultConfigurationName = Release;
		};
		C4565B1529F86D77007CF492 /* Build configuration list for PBXNativeTarget "MyFavoritePlaces" */ = {
			isa = XCConfigurationList;
			buildConfigurations = (
				C4565B1629F86D77007CF492 /* Debug */,
				C4565B1729F86D77007CF492 /* Release */,
			);
			defaultConfigurationIsVisible = 0;
			defaultConfigurationName = Release;
		};
/* End XCConfigurationList section */
	};
	rootObject = C4565AF929F86D75007CF492 /* Project object */;
}
